
Microsoft Visual Studio Solution File, Format Version 12.00
# Visual Studio Version 17
VisualStudioVersion = 17.5.33627.172
MinimumVisualStudioVersion = 10.0.40219.1
Project("{FAE04EC0-301F-11D3-BF4B-00C04F79EFBC}") = "2-2_3", "2-2_3\2-2_3.csproj", "{4B33AD91-7364-44AA-82A4-CCA0DACD6AF4}"
EndProject
Global
	GlobalSection(SolutionConfigurationPlatforms) = preSolution
		Debug|Any CPU = Debug|Any CPU
		Release|Any CPU = Release|Any CPU
	EndGlobalSection
	GlobalSection(ProjectConfigurationPlatforms) = postSolution
		{4B33AD91-7364-44AA-82A4-CCA0DACD6AF4}.Debug|Any CPU.ActiveCfg = Debug|Any CPU
		{4B33AD91-7364-44AA-82A4-CCA0DACD6AF4}.Debug|Any CPU.Build.0 = Debug|Any CPU
		{4B33AD91-7364-44AA-82A4-CCA0DACD6AF4}.Release|Any CPU.ActiveCfg = Release|Any CPU
		{4B33AD91-7364-44AA-82A4-CCA0DACD6AF4}.Release|Any CPU.Build.0 = Release|Any CPU
	EndGlobalSection
	GlobalSection(SolutionProperties) = preSolution
		HideSolutionNode = FALSE
	EndGlobalSection
	GlobalSection(ExtensibilityGlobals) = postSolution
		SolutionGuid = {231B50D7-2FF9-49B2-A551-49AD964F3F30}
	EndGlobalSection
EndGlobal
