
Microsoft Visual Studio Solution File, Format Version 12.00
# Visual Studio Version 17
VisualStudioVersion = 17.5.33627.172
MinimumVisualStudioVersion = 10.0.40219.1
Project("{FAE04EC0-301F-11D3-BF4B-00C04F79EFBC}") = "task_8-1", "task_8-1\task_8-1.csproj", "{5FDC6E90-DEB3-42B7-BCB3-C6107ED780C7}"
EndProject
Global
	GlobalSection(SolutionConfigurationPlatforms) = preSolution
		Debug|Any CPU = Debug|Any CPU
		Release|Any CPU = Release|Any CPU
	EndGlobalSection
	GlobalSection(ProjectConfigurationPlatforms) = postSolution
		{5FDC6E90-DEB3-42B7-BCB3-C6107ED780C7}.Debug|Any CPU.ActiveCfg = Debug|Any CPU
		{5FDC6E90-DEB3-42B7-BCB3-C6107ED780C7}.Debug|Any CPU.Build.0 = Debug|Any CPU
		{5FDC6E90-DEB3-42B7-BCB3-C6107ED780C7}.Release|Any CPU.ActiveCfg = Release|Any CPU
		{5FDC6E90-DEB3-42B7-BCB3-C6107ED780C7}.Release|Any CPU.Build.0 = Release|Any CPU
	EndGlobalSection
	GlobalSection(SolutionProperties) = preSolution
		HideSolutionNode = FALSE
	EndGlobalSection
	GlobalSection(ExtensibilityGlobals) = postSolution
		SolutionGuid = {B43D4E48-7C6C-4225-9F8C-601472AEB1F5}
	EndGlobalSection
EndGlobal
